
Microsoft Visual Studio Solution File, Format Version 12.00
# Visual Studio Version 17
VisualStudioVersion = 17.5.33424.131
MinimumVisualStudioVersion = 10.0.40219.1
Project("{FAE04EC0-301F-11D3-BF4B-00C04F79EFBC}") = "Program", "src\Program.csproj", "{58E9B101-BC0B-46F7-84B6-DB614128FF96}"
EndProject
Global
	GlobalSection(SolutionConfigurationPlatforms) = preSolution
		Debug|Any CPU = Debug|Any CPU
		Release|Any CPU = Release|Any CPU
	EndGlobalSection
	GlobalSection(ProjectConfigurationPlatforms) = postSolution
		{58E9B101-BC0B-46F7-84B6-DB614128FF96}.Debug|Any CPU.ActiveCfg = Debug|Any CPU
		{58E9B101-BC0B-46F7-84B6-DB614128FF96}.Debug|Any CPU.Build.0 = Debug|Any CPU
		{58E9B101-BC0B-46F7-84B6-DB614128FF96}.Release|Any CPU.ActiveCfg = Release|Any CPU
		{58E9B101-BC0B-46F7-84B6-DB614128FF96}.Release|Any CPU.Build.0 = Release|Any CPU
	EndGlobalSection
	GlobalSection(SolutionProperties) = preSolution
		HideSolutionNode = FALSE
	EndGlobalSection
	GlobalSection(ExtensibilityGlobals) = postSolution
		SolutionGuid = {9D0D7D5F-55B6-4D92-9519-3C4BCAA6BA18}
	EndGlobalSection
EndGlobal
